// !$*UTF8*$!
{
	archiveVersion = 1;
	classes = {
	};
	objectVersion = 50;
	objects = {

/* Begin PBXBuildFile section */
		5234BB8720EE7F3100F8B21F /* AppDelegate.swift in Sources */ = {isa = PBXBuildFile; fileRef = 5234BB8620EE7F3100F8B21F /* AppDelegate.swift */; };
		5234BB8920EE7F3100F8B21F /* ViewController.swift in Sources */ = {isa = PBXBuildFile; fileRef = 5234BB8820EE7F3100F8B21F /* ViewController.swift */; };
		5234BB8C20EE7F3100F8B21F /* Main.storyboard in Resources */ = {isa = PBXBuildFile; fileRef = 5234BB8A20EE7F3100F8B21F /* Main.storyboard */; };
		5234BB8E20EE7F3400F8B21F /* Assets.xcassets in Resources */ = {isa = PBXBuildFile; fileRef = 5234BB8D20EE7F3400F8B21F /* Assets.xcassets */; };
		5234BB9120EE7F3400F8B21F /* LaunchScreen.storyboard in Resources */ = {isa = PBXBuildFile; fileRef = 5234BB8F20EE7F3400F8B21F /* LaunchScreen.storyboard */; };
		5234BB9C20EE7F3400F8B21F /* circularAnimationTests.swift in Sources */ = {isa = PBXBuildFile; fileRef = 5234BB9B20EE7F3400F8B21F /* circularAnimationTests.swift */; };
/* End PBXBuildFile section */

/* Begin PBXContainerItemProxy section */
		5234BB9820EE7F3400F8B21F /* PBXContainerItemProxy */ = {
			isa = PBXContainerItemProxy;
			containerPortal = 5234BB7B20EE7F3100F8B21F /* Project object */;
			proxyType = 1;
			remoteGlobalIDString = 5234BB8220EE7F3100F8B21F;
			remoteInfo = circularAnimation;
		};
/* End PBXContainerItemProxy section */

/* Begin PBXFileReference section */
		5234BB8320EE7F3100F8B21F /* circularAnimation.app */ = {isa = PBXFileReference; explicitFileType = wrapper.application; includeInIndex = 0; path = circularAnimation.app; sourceTree = BUILT_PRODUCTS_DIR; };
		5234BB8620EE7F3100F8B21F /* AppDelegate.swift */ = {isa = PBXFileReference; lastKnownFileType = sourcecode.swift; path = AppDelegate.swift; sourceTree = "<group>"; };
		5234BB8820EE7F3100F8B21F /* ViewController.swift */ = {isa = PBXFileReference; lastKnownFileType = sourcecode.swift; path = ViewController.swift; sourceTree = "<group>"; };
		5234BB8B20EE7F3100F8B21F /* Base */ = {isa = PBXFileReference; lastKnownFileType = file.storyboard; name = Base; path = Base.lproj/Main.storyboard; sourceTree = "<group>"; };
		5234BB8D20EE7F3400F8B21F /* Assets.xcassets */ = {isa = PBXFileReference; lastKnownFileType = folder.assetcatalog; path = Assets.xcassets; sourceTree = "<group>"; };
		5234BB9020EE7F3400F8B21F /* Base */ = {isa = PBXFileReference; lastKnownFileType = file.storyboard; name = Base; path = Base.lproj/LaunchScreen.storyboard; sourceTree = "<group>"; };
		5234BB9220EE7F3400F8B21F /* Info.plist */ = {isa = PBXFileReference; lastKnownFileType = text.plist.xml; path = Info.plist; sourceTree = "<group>"; };
		5234BB9720EE7F3400F8B21F /* circularAnimationTests.xctest */ = {isa = PBXFileReference; explicitFileType = wrapper.cfbundle; includeInIndex = 0; path = circularAnimationTests.xctest; sourceTree = BUILT_PRODUCTS_DIR; };
		5234BB9B20EE7F3400F8B21F /* circularAnimationTests.swift */ = {isa = PBXFileReference; lastKnownFileType = sourcecode.swift; path = circularAnimationTests.swift; sourceTree = "<group>"; };
		5234BB9D20EE7F3400F8B21F /* Info.plist */ = {isa = PBXFileReference; lastKnownFileType = text.plist.xml; path = Info.plist; sourceTree = "<group>"; };
/* End PBXFileReference section */

/* Begin PBXFrameworksBuildPhase section */
		5234BB8020EE7F3100F8B21F /* Frameworks */ = {
			isa = PBXFrameworksBuildPhase;
			buildActionMask = 2147483647;
			files = (
			);
			runOnlyForDeploymentPostprocessing = 0;
		};
		5234BB9420EE7F3400F8B21F /* Frameworks */ = {
			isa = PBXFrameworksBuildPhase;
			buildActionMask = 2147483647;
			files = (
			);
			runOnlyForDeploymentPostprocessing = 0;
		};
/* End PBXFrameworksBuildPhase section */

/* Begin PBXGroup section */
		5234BB7A20EE7F3100F8B21F = {
			isa = PBXGroup;
			children = (
				5234BB8520EE7F3100F8B21F /* circularAnimation */,
				5234BB9A20EE7F3400F8B21F /* circularAnimationTests */,
				5234BB8420EE7F3100F8B21F /* Products */,
			);
			sourceTree = "<group>";
		};
		5234BB8420EE7F3100F8B21F /* Products */ = {
			isa = PBXGroup;
			children = (
				5234BB8320EE7F3100F8B21F /* circularAnimation.app */,
				5234BB9720EE7F3400F8B21F /* circularAnimationTests.xctest */,
			);
			name = Products;
			sourceTree = "<group>";
		};
		5234BB8520EE7F3100F8B21F /* circularAnimation */ = {
			isa = PBXGroup;
			children = (
				5234BB8620EE7F3100F8B21F /* AppDelegate.swift */,
				5234BB8820EE7F3100F8B21F /* ViewController.swift */,
				5234BB8A20EE7F3100F8B21F /* Main.storyboard */,
				5234BB8D20EE7F3400F8B21F /* Assets.xcassets */,
				5234BB8F20EE7F3400F8B21F /* LaunchScreen.storyboard */,
				5234BB9220EE7F3400F8B21F /* Info.plist */,
			);
			path = circularAnimation;
			sourceTree = "<group>";
		};
		5234BB9A20EE7F3400F8B21F /* circularAnimationTests */ = {
			isa = PBXGroup;
			children = (
				5234BB9B20EE7F3400F8B21F /* circularAnimationTests.swift */,
				5234BB9D20EE7F3400F8B21F /* Info.plist */,
			);
			path = circularAnimationTests;
			sourceTree = "<group>";
		};
/* End PBXGroup section */

/* Begin PBXNativeTarget section */
		5234BB8220EE7F3100F8B21F /* circularAnimation */ = {
			isa = PBXNativeTarget;
			buildConfigurationList = 5234BBA020EE7F3400F8B21F /* Build configuration list for PBXNativeTarget "circularAnimation" */;
			buildPhases = (
				5234BB7F20EE7F3100F8B21F /* Sources */,
				5234BB8020EE7F3100F8B21F /* Frameworks */,
				5234BB8120EE7F3100F8B21F /* Resources */,
			);
			buildRules = (
			);
			dependencies = (
			);
			name = circularAnimation;
			productName = circularAnimation;
			productReference = 5234BB8320EE7F3100F8B21F /* circularAnimation.app */;
			productType = "com.apple.product-type.application";
		};
		5234BB9620EE7F3400F8B21F /* circularAnimationTests */ = {
			isa = PBXNativeTarget;
			buildConfigurationList = 5234BBA320EE7F3400F8B21F /* Build configuration list for PBXNativeTarget "circularAnimationTests" */;
			buildPhases = (
				5234BB9320EE7F3400F8B21F /* Sources */,
				5234BB9420EE7F3400F8B21F /* Frameworks */,
				5234BB9520EE7F3400F8B21F /* Resources */,
			);
			buildRules = (
			);
			dependencies = (
				5234BB9920EE7F3400F8B21F /* PBXTargetDependency */,
			);
			name = circularAnimationTests;
			productName = circularAnimationTests;
			productReference = 5234BB9720EE7F3400F8B21F /* circularAnimationTests.xctest */;
			productType = "com.apple.product-type.bundle.unit-test";
		};
/* End PBXNativeTarget section */

/* Begin PBXProject section */
		5234BB7B20EE7F3100F8B21F /* Project object */ = {
			isa = PBXProject;
			attributes = {
				LastSwiftUpdateCheck = 0930;
				LastUpgradeCheck = 0930;
				ORGANIZATIONNAME = ajsluxurylimo;
				TargetAttributes = {
					5234BB8220EE7F3100F8B21F = {
						CreatedOnToolsVersion = 9.3;
					};
					5234BB9620EE7F3400F8B21F = {
						CreatedOnToolsVersion = 9.3;
						TestTargetID = 5234BB8220EE7F3100F8B21F;
					};
				};
			};
			buildConfigurationList = 5234BB7E20EE7F3100F8B21F /* Build configuration list for PBXProject "circularAnimation" */;
			compatibilityVersion = "Xcode 9.3";
			developmentRegion = en;
			hasScannedForEncodings = 0;
			knownRegions = (
				en,
				Base,
			);
			mainGroup = 5234BB7A20EE7F3100F8B21F;
			productRefGroup = 5234BB8420EE7F3100F8B21F /* Products */;
			projectDirPath = "";
			projectRoot = "";
			targets = (
				5234BB8220EE7F3100F8B21F /* circularAnimation */,
				5234BB9620EE7F3400F8B21F /* circularAnimationTests */,
			);
		};
/* End PBXProject section */

/* Begin PBXResourcesBuildPhase section */
		5234BB8120EE7F3100F8B21F /* Resources */ = {
			isa = PBXResourcesBuildPhase;
			buildActionMask = 2147483647;
			files = (
				5234BB9120EE7F3400F8B21F /* LaunchScreen.storyboard in Resources */,
				5234BB8E20EE7F3400F8B21F /* Assets.xcassets in Resources */,
				5234BB8C20EE7F3100F8B21F /* Main.storyboard in Resources */,
			);
			runOnlyForDeploymentPostprocessing = 0;
		};
		5234BB9520EE7F3400F8B21F /* Resources */ = {
			isa = PBXResourcesBuildPhase;
			buildActionMask = 2147483647;
			files = (
			);
			runOnlyForDeploymentPostprocessing = 0;
		};
/* End PBXResourcesBuildPhase section */

/* Begin PBXSourcesBuildPhase section */
		5234BB7F20EE7F3100F8B21F /* Sources */ = {
			isa = PBXSourcesBuildPhase;
			buildActionMask = 2147483647;
			files = (
				5234BB8920EE7F3100F8B21F /* ViewController.swift in Sources */,
				5234BB8720EE7F3100F8B21F /* AppDelegate.swift in Sources */,
			);
			runOnlyForDeploymentPostprocessing = 0;
		};
		5234BB9320EE7F3400F8B21F /* Sources */ = {
			isa = PBXSourcesBuildPhase;
			buildActionMask = 2147483647;
			files = (
				5234BB9C20EE7F3400F8B21F /* circularAnimationTests.swift in Sources */,
			);
			runOnlyForDeploymentPostprocessing = 0;
		};
/* End PBXSourcesBuildPhase section */

/* Begin PBXTargetDependency section */
		5234BB9920EE7F3400F8B21F /* PBXTargetDependency */ = {
			isa = PBXTargetDependency;
			target = 5234BB8220EE7F3100F8B21F /* circularAnimation */;
			targetProxy = 5234BB9820EE7F3400F8B21F /* PBXContainerItemProxy */;
		};
/* End PBXTargetDependency section */

/* Begin PBXVariantGroup section */
		5234BB8A20EE7F3100F8B21F /* Main.storyboard */ = {
			isa = PBXVariantGroup;
			children = (
				5234BB8B20EE7F3100F8B21F /* Base */,
			);
			name = Main.storyboard;
			sourceTree = "<group>";
		};
		5234BB8F20EE7F3400F8B21F /* LaunchScreen.storyboard */ = {
			isa = PBXVariantGroup;
			children = (
				5234BB9020EE7F3400F8B21F /* Base */,
			);
			name = LaunchScreen.storyboard;
			sourceTree = "<group>";
		};
/* End PBXVariantGroup section */

/* Begin XCBuildConfiguration section */
		5234BB9E20EE7F3400F8B21F /* Debug */ = {
			isa = XCBuildConfiguration;
			buildSettings = {
				ALWAYS_SEARCH_USER_PATHS = NO;
				CLANG_ANALYZER_NONNULL = YES;
				CLANG_ANALYZER_NUMBER_OBJECT_CONVERSION = YES_AGGRESSIVE;
				CLANG_CXX_LANGUAGE_STANDARD = "gnu++14";
				CLANG_CXX_LIBRARY = "libc++";
				CLANG_ENABLE_MODULES = YES;
				CLANG_ENABLE_OBJC_ARC = YES;
				CLANG_ENABLE_OBJC_WEAK = YES;
				CLANG_WARN_BLOCK_CAPTURE_AUTORELEASING = YES;
				CLANG_WARN_BOOL_CONVERSION = YES;
				CLANG_WARN_COMMA = YES;
				CLANG_WARN_CONSTANT_CONVERSION = YES;
				CLANG_WARN_DEPRECATED_OBJC_IMPLEMENTATIONS = YES;
				CLANG_WARN_DIRECT_OBJC_ISA_USAGE = YES_ERROR;
				CLANG_WARN_DOCUMENTATION_COMMENTS = YES;
				CLANG_WARN_EMPTY_BODY = YES;
				CLANG_WARN_ENUM_CONVERSION = YES;
				CLANG_WARN_INFINITE_RECURSION = YES;
				CLANG_WARN_INT_CONVERSION = YES;
				CLANG_WARN_NON_LITERAL_NULL_CONVERSION = YES;
				CLANG_WARN_OBJC_IMPLICIT_RETAIN_SELF = YES;
				CLANG_WARN_OBJC_LITERAL_CONVERSION = YES;
				CLANG_WARN_OBJC_ROOT_CLASS = YES_ERROR;
				CLANG_WARN_RANGE_LOOP_ANALYSIS = YES;
				CLANG_WARN_STRICT_PROTOTYPES = YES;
				CLANG_WARN_SUSPICIOUS_MOVE = YES;
				CLANG_WARN_UNGUARDED_AVAILABILITY = YES_AGGRESSIVE;
				CLANG_WARN_UNREACHABLE_CODE = YES;
				CLANG_WARN__DUPLICATE_METHOD_MATCH = YES;
				CODE_SIGN_IDENTITY = "iPhone Developer";
				COPY_PHASE_STRIP = NO;
				DEBUG_INFORMATION_FORMAT = dwarf;
				ENABLE_STRICT_OBJC_MSGSEND = YES;
				ENABLE_TESTABILITY = YES;
				GCC_C_LANGUAGE_STANDARD = gnu11;
				GCC_DYNAMIC_NO_PIC = NO;
				GCC_NO_COMMON_BLOCKS = YES;
				GCC_OPTIMIZATION_LEVEL = 0;
				GCC_PREPROCESSOR_DEFINITIONS = (
					"DEBUG=1",
					"$(inherited)",
				);
				GCC_WARN_64_TO_32_BIT_CONVERSION = YES;
				GCC_WARN_ABOUT_RETURN_TYPE = YES_ERROR;
				GCC_WARN_UNDECLARED_SELECTOR = YES;
				GCC_WARN_UNINITIALIZED_AUTOS = YES_AGGRESSIVE;
				GCC_WARN_UNUSED_FUNCTION = YES;
				GCC_WARN_UNUSED_VARIABLE = YES;
				IPHONEOS_DEPLOYMENT_TARGET = 11.3;
				MTL_ENABLE_DEBUG_INFO = YES;
				ONLY_ACTIVE_ARCH = YES;
				SDKROOT = iphoneos;
				SWIFT_ACTIVE_COMPILATION_CONDITIONS = DEBUG;
				SWIFT_OPTIMIZATION_LEVEL = "-Onone";
			};
			name = Debug;
		};
		5234BB9F20EE7F3400F8B21F /* Release */ = {
			isa = XCBuildConfiguration;
			buildSettings = {
				ALWAYS_SEARCH_USER_PATHS = NO;
				CLANG_ANALYZER_NONNULL = YES;
				CLANG_ANALYZER_NUMBER_OBJECT_CONVERSION = YES_AGGRESSIVE;
				CLANG_CXX_LANGUAGE_STANDARD = "gnu++14";
				CLANG_CXX_LIBRARY = "libc++";
				CLANG_ENABLE_MODULES = YES;
				CLANG_ENABLE_OBJC_ARC = YES;
				CLANG_ENABLE_OBJC_WEAK = YES;
				CLANG_WARN_BLOCK_CAPTURE_AUTORELEASING = YES;
				CLANG_WARN_BOOL_CONVERSION = YES;
				CLANG_WARN_COMMA = YES;
				CLANG_WARN_CONSTANT_CONVERSION = YES;
				CLANG_WARN_DEPRECATED_OBJC_IMPLEMENTATIONS = YES;
				CLANG_WARN_DIRECT_OBJC_ISA_USAGE = YES_ERROR;
				CLANG_WARN_DOCUMENTATION_COMMENTS = YES;
				CLANG_WARN_EMPTY_BODY = YES;
				CLANG_WARN_ENUM_CONVERSION = YES;
				CLANG_WARN_INFINITE_RECURSION = YES;
				CLANG_WARN_INT_CONVERSION = YES;
				CLANG_WARN_NON_LITERAL_NULL_CONVERSION = YES;
				CLANG_WARN_OBJC_IMPLICIT_RETAIN_SELF = YES;
				CLANG_WARN_OBJC_LITERAL_CONVERSION = YES;
				CLANG_WARN_OBJC_ROOT_CLASS = YES_ERROR;
				CLANG_WARN_RANGE_LOOP_ANALYSIS = YES;
				CLANG_WARN_STRICT_PROTOTYPES = YES;
				CLANG_WARN_SUSPICIOUS_MOVE = YES;
				CLANG_WARN_UNGUARDED_AVAILABILITY = YES_AGGRESSIVE;
				CLANG_WARN_UNREACHABLE_CODE = YES;
				CLANG_WARN__DUPLICATE_METHOD_MATCH = YES;
				CODE_SIGN_IDENTITY = "iPhone Developer";
				COPY_PHASE_STRIP = NO;
				DEBUG_INFORMATION_FORMAT = "dwarf-with-dsym";
				ENABLE_NS_ASSERTIONS = NO;
				ENABLE_STRICT_OBJC_MSGSEND = YES;
				GCC_C_LANGUAGE_STANDARD = gnu11;
				GCC_NO_COMMON_BLOCKS = YES;
				GCC_WARN_64_TO_32_BIT_CONVERSION = YES;
				GCC_WARN_ABOUT_RETURN_TYPE = YES_ERROR;
				GCC_WARN_UNDECLARED_SELECTOR = YES;
				GCC_WARN_UNINITIALIZED_AUTOS = YES_AGGRESSIVE;
				GCC_WARN_UNUSED_FUNCTION = YES;
				GCC_WARN_UNUSED_VARIABLE = YES;
				IPHONEOS_DEPLOYMENT_TARGET = 11.3;
				MTL_ENABLE_DEBUG_INFO = NO;
				SDKROOT = iphoneos;
				SWIFT_COMPILATION_MODE = wholemodule;
				SWIFT_OPTIMIZATION_LEVEL = "-O";
				VALIDATE_PRODUCT = YES;
			};
			name = Release;
		};
		5234BBA120EE7F3400F8B21F /* Debug */ = {
			isa = XCBuildConfiguration;
			buildSettings = {
				ASSETCATALOG_COMPILER_APPICON_NAME = AppIcon;
				CODE_SIGN_STYLE = Automatic;
				DEVELOPMENT_TEAM = 4R9VQSWUF9;
				INFOPLIST_FILE = circularAnimation/Info.plist;
				LD_RUNPATH_SEARCH_PATHS = (
					"$(inherited)",
					"@executable_path/Frameworks",
				);
				PRODUCT_BUNDLE_IDENTIFIER = com.shyam.circularAnimation;
				PRODUCT_NAME = "$(TARGET_NAME)";
				SWIFT_VERSION = 4.0;
				TARGETED_DEVICE_FAMILY = "1,2";
			};
			name = Debug;
		};
		5234BBA220EE7F3400F8B21F /* Release */ = {
			isa = XCBuildConfiguration;
			buildSettings = {
				ASSETCATALOG_COMPILER_APPICON_NAME = AppIcon;
				CODE_SIGN_STYLE = Automatic;
				DEVELOPMENT_TEAM = 4R9VQSWUF9;
				INFOPLIST_FILE = circularAnimation/Info.plist;
				LD_RUNPATH_SEARCH_PATHS = (
					"$(inherited)",
					"@executable_path/Frameworks",
				);
				PRODUCT_BUNDLE_IDENTIFIER = com.shyam.circularAnimation;
				PRODUCT_NAME = "$(TARGET_NAME)";
				SWIFT_VERSION = 4.0;
				TARGETED_DEVICE_FAMILY = "1,2";
			};
			name = Release;
		};
		5234BBA420EE7F3400F8B21F /* Debug */ = {
			isa = XCBuildConfiguration;
			buildSettings = {
				ALWAYS_EMBED_SWIFT_STANDARD_LIBRARIES = YES;
				BUNDLE_LOADER = "$(TEST_HOST)";
				CODE_SIGN_STYLE = Automatic;
				DEVELOPMENT_TEAM = 4R9VQSWUF9;
				INFOPLIST_FILE = circularAnimationTests/Info.plist;
				LD_RUNPATH_SEARCH_PATHS = (
					"$(inherited)",
					"@executable_path/Frameworks",
					"@loader_path/Frameworks",
				);
				PRODUCT_BUNDLE_IDENTIFIER = com.shyam.circularAnimationTests;
				PRODUCT_NAME = "$(TARGET_NAME)";
				SWIFT_VERSION = 4.0;
				TARGETED_DEVICE_FAMILY = "1,2";
				TEST_HOST = "$(BUILT_PRODUCTS_DIR)/circularAnimation.app/circularAnimation";
			};
			name = Debug;
		};
		5234BBA520EE7F3400F8B21F /* Release */ = {
			isa = XCBuildConfiguration;
			buildSettings = {
				ALWAYS_EMBED_SWIFT_STANDARD_LIBRARIES = YES;
				BUNDLE_LOADER = "$(TEST_HOST)";
				CODE_SIGN_STYLE = Automatic;
				DEVELOPMENT_TEAM = 4R9VQSWUF9;
				INFOPLIST_FILE = circularAnimationTests/Info.plist;
				LD_RUNPATH_SEARCH_PATHS = (
					"$(inherited)",
					"@executable_path/Frameworks",
					"@loader_path/Frameworks",
				);
				PRODUCT_BUNDLE_IDENTIFIER = com.shyam.circularAnimationTests;
				PRODUCT_NAME = "$(TARGET_NAME)";
				SWIFT_VERSION = 4.0;
				TARGETED_DEVICE_FAMILY = "1,2";
				TEST_HOST = "$(BUILT_PRODUCTS_DIR)/circularAnimation.app/circularAnimation";
			};
			name = Release;
		};
/* End XCBuildConfiguration section */

/* Begin XCConfigurationList section */
		5234BB7E20EE7F3100F8B21F /* Build configuration list for PBXProject "circularAnimation" */ = {
			isa = XCConfigurationList;
			buildConfigurations = (
				5234BB9E20EE7F3400F8B21F /* Debug */,
				5234BB9F20EE7F3400F8B21F /* Release */,
			);
			defaultConfigurationIsVisible = 0;
			defaultConfigurationName = Release;
		};
		5234BBA020EE7F3400F8B21F /* Build configuration list for PBXNativeTarget "circularAnimation" */ = {
			isa = XCConfigurationList;
			buildConfigurations = (
				5234BBA120EE7F3400F8B21F /* Debug */,
				5234BBA220EE7F3400F8B21F /* Release */,
			);
			defaultConfigurationIsVisible = 0;
			defaultConfigurationName = Release;
		};
		5234BBA320EE7F3400F8B21F /* Build configuration list for PBXNativeTarget "circularAnimationTests" */ = {
			isa = XCConfigurationList;
			buildConfigurations = (
				5234BBA420EE7F3400F8B21F /* Debug */,
				5234BBA520EE7F3400F8B21F /* Release */,
			);
			defaultConfigurationIsVisible = 0;
			defaultConfigurationName = Release;
		};
/* End XCConfigurationList section */
	};
	rootObject = 5234BB7B20EE7F3100F8B21F /* Project object */;
}
